
Microsoft Visual Studio Solution File, Format Version 12.00
# Visual Studio Version 16
VisualStudioVersion = 16.0.30804.86
MinimumVisualStudioVersion = 10.0.40219.1
Project("{FAE04EC0-301F-11D3-BF4B-00C04F79EFBC}") = "Delegati2", "Delegati2\Delegati2.csproj", "{8198C222-C5A0-4E17-87EB-ECFE01E17982}"
EndProject
Global
	GlobalSection(SolutionConfigurationPlatforms) = preSolution
		Debug|Any CPU = Debug|Any CPU
		Release|Any CPU = Release|Any CPU
	EndGlobalSection
	GlobalSection(ProjectConfigurationPlatforms) = postSolution
		{8198C222-C5A0-4E17-87EB-ECFE01E17982}.Debug|Any CPU.ActiveCfg = Debug|Any CPU
		{8198C222-C5A0-4E17-87EB-ECFE01E17982}.Debug|Any CPU.Build.0 = Debug|Any CPU
		{8198C222-C5A0-4E17-87EB-ECFE01E17982}.Release|Any CPU.ActiveCfg = Release|Any CPU
		{8198C222-C5A0-4E17-87EB-ECFE01E17982}.Release|Any CPU.Build.0 = Release|Any CPU
	EndGlobalSection
	GlobalSection(SolutionProperties) = preSolution
		HideSolutionNode = FALSE
	EndGlobalSection
	GlobalSection(ExtensibilityGlobals) = postSolution
		SolutionGuid = {383E56B6-2FAB-4F69-968E-7042E438E2DE}
	EndGlobalSection
EndGlobal
